{
  "nodes": {
    "flake-utils": {
      "inputs": {
        "systems": "systems"
      },
      "locked": {
        "lastModified": 1731533236,
        "narHash": "sha256-l0KFg5HjrsfsO/JpG+r7fRrqm12kzFHyUHqHCVpMMbI=",
        "owner": "numtide",
        "repo": "flake-utils",
        "rev": "11707dc2f618dd54ca8739b309ec4fc024de578b",
        "type": "github"
      },
      "original": {
        "owner": "numtide",
        "repo": "flake-utils",
        "type": "github"
      }
    },
    "flake-utils_2": {
      "inputs": {
        "systems": "systems_2"
      },
      "locked": {
        "lastModified": 1705309234,
        "narHash": "sha256-uNRRNRKmJyCRC/8y1RqBkqWBLM034y4qN7EprSdmgyA=",
        "owner": "numtide",
        "repo": "flake-utils",
        "rev": "1ef2e671c3b0c19053962c07dbda38332dcebf26",
        "type": "github"
      },
      "original": {
        "owner": "numtide",
        "repo": "flake-utils",
        "type": "github"
      }
    },
    "nixpkgs": {
      "locked": {
        "lastModified": 1742288794,
        "narHash": "sha256-Txwa5uO+qpQXrNG4eumPSD+hHzzYi/CdaM80M9XRLCo=",
        "owner": "NixOS",
        "repo": "nixpkgs",
        "rev": "b6eaf97c6960d97350c584de1b6dcff03c9daf42",
        "type": "github"
      },
      "original": {
        "owner": "NixOS",
        "ref": "nixos-unstable",
        "repo": "nixpkgs",
        "type": "github"
      }
    },
    "nixpkgs_2": {
      "locked": {
        "lastModified": 1724316499,
        "narHash": "sha256-Qb9MhKBUTCfWg/wqqaxt89Xfi6qTD3XpTzQ9eXi3JmE=",
        "owner": "nixos",
        "repo": "nixpkgs",
        "rev": "797f7dc49e0bc7fab4b57c021cdf68f595e47841",
        "type": "github"
      },
      "original": {
        "owner": "nixos",
        "ref": "nixos-24.05",
        "repo": "nixpkgs",
        "type": "github"
      }
    },
    "nixpkgs_3": {
      "locked": {
        "lastModified": 1708807242,
        "narHash": "sha256-sRTRkhMD4delO/hPxxi+XwLqPn8BuUq6nnj4JqLwOu0=",
        "owner": "NixOS",
        "repo": "nixpkgs",
        "rev": "73de017ef2d18a04ac4bfd0c02650007ccb31c2a",
        "type": "github"
      },
      "original": {
        "owner": "NixOS",
        "ref": "nixos-unstable",
        "repo": "nixpkgs",
        "type": "github"
      }
    },
    "openroad-abc-src": {
      "flake": false,
      "locked": {
        "lastModified": 1735605591,
        "narHash": "sha256-GF2EnSbXWHasKXqqPDoCP8GlatwZm+0WLX0BiDUJ1Qk=",
        "rev": "5c9448c085eb8bf1e433a22a954532e44206c6f9",
        "revCount": 5622,
        "type": "git",
        "url": "file:tools/OpenROAD/third-party/abc"
      },
      "original": {
        "type": "git",
        "url": "file:tools/OpenROAD/third-party/abc"
      }
    },
    "openroad-flake": {
      "inputs": {
        "nixpkgs": "nixpkgs_2"
      },
      "locked": {
        "lastModified": 1744179775,
        "narHash": "sha256-+w6lnpbuh39QKI6oG6rZxMKSxyfufD+4PB2pIxO8AfA=",
        "rev": "33cc7567fa495b89ed9a273c08f21e04c7a31397",
        "revCount": 28690,
        "type": "git",
        "url": "file:tools/OpenROAD"
      },
      "original": {
        "type": "git",
        "url": "file:tools/OpenROAD"
      }
    },
    "openroad-opensta-src": {
      "flake": false,
      "locked": {
        "lastModified": 1740616817,
        "narHash": "sha256-y1zELJFgfWAyZGiiRaDH3Ie72CSzLBx7yiyXQsnc36k=",
        "rev": "5a46b3ceb2ad40eddcf7f118093a24258240c74c",
        "revCount": 1831,
        "type": "git",
        "url": "file:tools/OpenROAD/src/sta"
      },
      "original": {
        "type": "git",
        "url": "file:tools/OpenROAD/src/sta"
      }
    },
    "root": {
      "inputs": {
        "flake-utils": "flake-utils",
        "nixpkgs": "nixpkgs",
        "openroad-abc-src": "openroad-abc-src",
        "openroad-flake": "openroad-flake",
        "openroad-opensta-src": "openroad-opensta-src",
        "yosys-abc-src": "yosys-abc-src",
        "yosys-cxxopts-src": "yosys-cxxopts-src",
        "yosys-flake": "yosys-flake"
      }
    },
    "systems": {
      "locked": {
        "lastModified": 1681028828,
        "narHash": "sha256-Vy1rq5AaRuLzOxct8nz4T6wlgyUR7zLU309k9mBC768=",
        "owner": "nix-systems",
        "repo": "default",
        "rev": "da67096a3b9bf56a91d16901293e51ba5b49a27e",
        "type": "github"
      },
      "original": {
        "owner": "nix-systems",
        "repo": "default",
        "type": "github"
      }
    },
    "systems_2": {
      "locked": {
        "lastModified": 1681028828,
        "narHash": "sha256-Vy1rq5AaRuLzOxct8nz4T6wlgyUR7zLU309k9mBC768=",
        "owner": "nix-systems",
        "repo": "default",
        "rev": "da67096a3b9bf56a91d16901293e51ba5b49a27e",
        "type": "github"
      },
      "original": {
        "owner": "nix-systems",
        "repo": "default",
        "type": "github"
      }
    },
    "yosys-abc-src": {
      "flake": false,
      "locked": {
        "lastModified": 1741760927,
        "narHash": "sha256-yu5O8bbUJYgN5GIA5cCT+KQ//QVTDx4SrDS8XHR3khs=",
        "rev": "f2d68d590fa6f8fc32295a2edd79afc0d14a1414",
        "revCount": 5821,
        "type": "git",
        "url": "file:tools/yosys/abc"
      },
      "original": {
        "type": "git",
        "url": "file:tools/yosys/abc"
      }
    },
    "yosys-cxxopts-src": {
      "flake": false,
      "locked": {
        "lastModified": 1708418392,
        "narHash": "sha256-aOF3owz7SIV4trJY0PnMtIcwqoUpDbB3tNxZcsl9dzM=",
        "rev": "4bf61f08697b110d9e3991864650a405b3dd515d",
        "revCount": 412,
        "type": "git",
        "url": "file:tools/yosys/libs/cxxopts"
      },
      "original": {
        "type": "git",
        "url": "file:tools/yosys/libs/cxxopts"
      }
    },
    "yosys-flake": {
      "inputs": {
        "flake-utils": "flake-utils_2",
        "nixpkgs": "nixpkgs_3"
      },
      "locked": {
        "lastModified": 1741764697,
        "narHash": "sha256-z7hV4LpfSSpDo/LKD8xwb5id6K2lxJmaULiSzkTKKoA=",
        "rev": "c4b5190229616f7ebf8197f43990b4429de3e420",
        "revCount": 14791,
        "type": "git",
        "url": "file:tools/yosys"
      },
      "original": {
        "type": "git",
        "url": "file:tools/yosys"
      }
    }
  },
  "root": "root",
  "version": 7
}
